
Microsoft Visual Studio Solution File, Format Version 12.00
# Visual Studio 2017
Project("{FAE04EC0-301F-11D3-BF4B-00C04F79EFBC}") = "Borealis", "Borealis.csproj", "{FE983802-F72E-B8FF-8300-C691BF9313B6}"
EndProject
Project("{FAE04EC0-301F-11D3-BF4B-00C04F79EFBC}") = "Borealis.Editor", "Borealis.Editor.csproj", "{35F4F526-661F-01EC-40B8-0471828C86A9}"
EndProject
Global
	GlobalSection(SolutionConfigurationPlatforms) = preSolution
		Debug|Any CPU = Debug|Any CPU
		Release|Any CPU = Release|Any CPU
	EndGlobalSection
	GlobalSection(ProjectConfigurationPlatforms) = postSolution
		{FE983802-F72E-B8FF-8300-C691BF9313B6}.Debug|Any CPU.ActiveCfg = Debug|Any CPU
		{FE983802-F72E-B8FF-8300-C691BF9313B6}.Debug|Any CPU.Build.0 = Debug|Any CPU
		{FE983802-F72E-B8FF-8300-C691BF9313B6}.Release|Any CPU.ActiveCfg = Release|Any CPU
		{FE983802-F72E-B8FF-8300-C691BF9313B6}.Release|Any CPU.Build.0 = Release|Any CPU
		{35F4F526-661F-01EC-40B8-0471828C86A9}.Debug|Any CPU.ActiveCfg = Debug|Any CPU
		{35F4F526-661F-01EC-40B8-0471828C86A9}.Debug|Any CPU.Build.0 = Debug|Any CPU
		{35F4F526-661F-01EC-40B8-0471828C86A9}.Release|Any CPU.ActiveCfg = Release|Any CPU
		{35F4F526-661F-01EC-40B8-0471828C86A9}.Release|Any CPU.Build.0 = Release|Any CPU
	EndGlobalSection
	GlobalSection(SolutionProperties) = preSolution
		HideSolutionNode = FALSE
	EndGlobalSection
EndGlobal
